
Microsoft Visual Studio Solution File, Format Version 12.00
# Visual Studio 2012
Project("{FAE04EC0-301F-11D3-BF4B-00C04F79EFBC}") = "ReplaceConstructorsWithCreationMethods", "ReplaceConstructorsWithCreationMethods\ReplaceConstructorsWithCreationMethods.csproj", "{4299BF7C-B84B-4F0D-B786-1421566DC35C}"
EndProject
Global
	GlobalSection(SolutionConfigurationPlatforms) = preSolution
		Debug|Any CPU = Debug|Any CPU
		Release|Any CPU = Release|Any CPU
	EndGlobalSection
	GlobalSection(ProjectConfigurationPlatforms) = postSolution
		{4299BF7C-B84B-4F0D-B786-1421566DC35C}.Debug|Any CPU.ActiveCfg = Debug|Any CPU
		{4299BF7C-B84B-4F0D-B786-1421566DC35C}.Debug|Any CPU.Build.0 = Debug|Any CPU
		{4299BF7C-B84B-4F0D-B786-1421566DC35C}.Release|Any CPU.ActiveCfg = Release|Any CPU
		{4299BF7C-B84B-4F0D-B786-1421566DC35C}.Release|Any CPU.Build.0 = Release|Any CPU
	EndGlobalSection
EndGlobal
