Microsoft Visual Studio Solution File, Format Version 12.00
# Visual Studio 15
VisualStudioVersion = 15.0.27703.2000
MinimumVisualStudioVersion = 10.0.40219.1
Project("{FAE04EC0-301F-11D3-BF4B-00C04F79EFBC}") = "RefactoringToPatterns.Tests", "RefactoringToPatterns.Tests\RefactoringToPatterns.Tests.csproj", "{6E49F4DC-8D6A-4DED-970C-D9C4DDD43A40}"
EndProject
Project("{FAE04EC0-301F-11D3-BF4B-00C04F79EFBC}") = "ReplaceConstructorsWithCreationMethods", "ReplaceConstructorsWithCreationMethods\ReplaceConstructorsWithCreationMethods.csproj", "{62ECDEAE-B8A4-4CD1-ACF5-E11965928B4B}"
EndProject
Project("{FAE04EC0-301F-11D3-BF4B-00C04F79EFBC}") = "ChainConstructors", "ChainConstructors\ChainConstructors.csproj", "{1CB60E44-2BCF-426A-9A1C-64598F2BF93E}"
EndProject
Project("{FAE04EC0-301F-11D3-BF4B-00C04F79EFBC}") = "EncapsulateClassesWithFactory", "EncapsulateClassesWithFactory\EncapsulateClassesWithFactory.csproj", "{F2D41130-D1A6-4F83-8408-F02D6AAF279C}"
EndProject
Project("{FAE04EC0-301F-11D3-BF4B-00C04F79EFBC}") = "PolymorphicCreationWithFactoryMethod", "PolymorphicCreationWithFactoryMethod\PolymorphicCreationWithFactoryMethod.csproj", "{632ABCBD-B56E-427B-B00B-ECFCEFFEF0D5}"
EndProject
Project("{FAE04EC0-301F-11D3-BF4B-00C04F79EFBC}") = "ReplaceConditionalLogicWithStrategy", "ReplaceConditionalLogicWithStrategy\ReplaceConditionalLogicWithStrategy.csproj", "{ABA760CB-DC75-4C05-9CD7-DE2D19B5E64F}"
EndProject
Project("{FAE04EC0-301F-11D3-BF4B-00C04F79EFBC}") = "FormTemplateMethod", "FormTemplateMethod\FormTemplateMethod.csproj", "{F1231A49-7229-47D8-B19F-197683E3A829}"
EndProject
Project("{FAE04EC0-301F-11D3-BF4B-00C04F79EFBC}") = "MoveEmbellishmentToDecorator", "MoveEmbellishmentToDecorator\MoveEmbellishmentToDecorator.csproj", "{32EA38AF-8F24-44D4-8A21-F70B483DA06A}"
EndProject
Global
	GlobalSection(SolutionConfigurationPlatforms) = preSolution
		Debug|Any CPU = Debug|Any CPU
		Release|Any CPU = Release|Any CPU
	EndGlobalSection
	GlobalSection(ProjectConfigurationPlatforms) = postSolution
		{6E49F4DC-8D6A-4DED-970C-D9C4DDD43A40}.Debug|Any CPU.ActiveCfg = Debug|Any CPU
		{6E49F4DC-8D6A-4DED-970C-D9C4DDD43A40}.Debug|Any CPU.Build.0 = Debug|Any CPU
		{6E49F4DC-8D6A-4DED-970C-D9C4DDD43A40}.Release|Any CPU.ActiveCfg = Release|Any CPU
		{6E49F4DC-8D6A-4DED-970C-D9C4DDD43A40}.Release|Any CPU.Build.0 = Release|Any CPU
		{62ECDEAE-B8A4-4CD1-ACF5-E11965928B4B}.Debug|Any CPU.ActiveCfg = Debug|Any CPU
		{62ECDEAE-B8A4-4CD1-ACF5-E11965928B4B}.Debug|Any CPU.Build.0 = Debug|Any CPU
		{62ECDEAE-B8A4-4CD1-ACF5-E11965928B4B}.Release|Any CPU.ActiveCfg = Release|Any CPU
		{62ECDEAE-B8A4-4CD1-ACF5-E11965928B4B}.Release|Any CPU.Build.0 = Release|Any CPU
		{1CB60E44-2BCF-426A-9A1C-64598F2BF93E}.Debug|Any CPU.ActiveCfg = Debug|Any CPU
		{1CB60E44-2BCF-426A-9A1C-64598F2BF93E}.Debug|Any CPU.Build.0 = Debug|Any CPU
		{1CB60E44-2BCF-426A-9A1C-64598F2BF93E}.Release|Any CPU.ActiveCfg = Release|Any CPU
		{1CB60E44-2BCF-426A-9A1C-64598F2BF93E}.Release|Any CPU.Build.0 = Release|Any CPU
		{F2D41130-D1A6-4F83-8408-F02D6AAF279C}.Debug|Any CPU.ActiveCfg = Debug|Any CPU
		{F2D41130-D1A6-4F83-8408-F02D6AAF279C}.Debug|Any CPU.Build.0 = Debug|Any CPU
		{F2D41130-D1A6-4F83-8408-F02D6AAF279C}.Release|Any CPU.ActiveCfg = Release|Any CPU
		{F2D41130-D1A6-4F83-8408-F02D6AAF279C}.Release|Any CPU.Build.0 = Release|Any CPU
		{632ABCBD-B56E-427B-B00B-ECFCEFFEF0D5}.Debug|Any CPU.ActiveCfg = Debug|Any CPU
		{632ABCBD-B56E-427B-B00B-ECFCEFFEF0D5}.Debug|Any CPU.Build.0 = Debug|Any CPU
		{632ABCBD-B56E-427B-B00B-ECFCEFFEF0D5}.Release|Any CPU.ActiveCfg = Release|Any CPU
		{632ABCBD-B56E-427B-B00B-ECFCEFFEF0D5}.Release|Any CPU.Build.0 = Release|Any CPU
		{ABA760CB-DC75-4C05-9CD7-DE2D19B5E64F}.Debug|Any CPU.ActiveCfg = Debug|Any CPU
		{ABA760CB-DC75-4C05-9CD7-DE2D19B5E64F}.Debug|Any CPU.Build.0 = Debug|Any CPU
		{ABA760CB-DC75-4C05-9CD7-DE2D19B5E64F}.Release|Any CPU.ActiveCfg = Release|Any CPU
		{ABA760CB-DC75-4C05-9CD7-DE2D19B5E64F}.Release|Any CPU.Build.0 = Release|Any CPU
		{F1231A49-7229-47D8-B19F-197683E3A829}.Debug|Any CPU.ActiveCfg = Debug|Any CPU
		{F1231A49-7229-47D8-B19F-197683E3A829}.Debug|Any CPU.Build.0 = Debug|Any CPU
		{F1231A49-7229-47D8-B19F-197683E3A829}.Release|Any CPU.ActiveCfg = Release|Any CPU
		{F1231A49-7229-47D8-B19F-197683E3A829}.Release|Any CPU.Build.0 = Release|Any CPU
		{32EA38AF-8F24-44D4-8A21-F70B483DA06A}.Debug|Any CPU.ActiveCfg = Debug|Any CPU
		{32EA38AF-8F24-44D4-8A21-F70B483DA06A}.Debug|Any CPU.Build.0 = Debug|Any CPU
		{32EA38AF-8F24-44D4-8A21-F70B483DA06A}.Release|Any CPU.ActiveCfg = Release|Any CPU
		{32EA38AF-8F24-44D4-8A21-F70B483DA06A}.Release|Any CPU.Build.0 = Release|Any CPU
	EndGlobalSection
	GlobalSection(SolutionProperties) = preSolution
		HideSolutionNode = FALSE
	EndGlobalSection
	GlobalSection(ExtensibilityGlobals) = postSolution
		SolutionGuid = {C2CBE98B-67AF-4B45-88FD-A1AC2E87BA7E}
	EndGlobalSection
EndGlobal
