
Microsoft Visual Studio Solution File, Format Version 12.00
# Visual Studio 2012
Project("{FAE04EC0-301F-11D3-BF4B-00C04F79EFBC}") = "ReplaceConstructorsWithCreationMethods", "ReplaceConstructorsWithCreationMethods\ReplaceConstructorsWithCreationMethods.csproj", "{5ADD6CD9-1ED2-4978-8F4B-C8E38516A403}"
EndProject
Global
	GlobalSection(SolutionConfigurationPlatforms) = preSolution
		Debug|Any CPU = Debug|Any CPU
		Release|Any CPU = Release|Any CPU
	EndGlobalSection
	GlobalSection(ProjectConfigurationPlatforms) = postSolution
		{5ADD6CD9-1ED2-4978-8F4B-C8E38516A403}.Debug|Any CPU.ActiveCfg = Debug|Any CPU
		{5ADD6CD9-1ED2-4978-8F4B-C8E38516A403}.Debug|Any CPU.Build.0 = Debug|Any CPU
		{5ADD6CD9-1ED2-4978-8F4B-C8E38516A403}.Release|Any CPU.ActiveCfg = Release|Any CPU
		{5ADD6CD9-1ED2-4978-8F4B-C8E38516A403}.Release|Any CPU.Build.0 = Release|Any CPU
	EndGlobalSection
EndGlobal
